github.com/fxamacker/cbor/v2 v2.9.3 h1:oQBnFATpNdY8gJHTndDDv5Xl4QqNaz51G5LLEPhng3Q=
github.com/fxamacker/cbor/v2 v2.9.3/go.mod h1:vM4b+DJCtHn+zz7h3FFp/hDAI9WNWCsZj23V5ytsSxQ=
github.com/google/go-cmp v0.7.0 h1:wk8382ETsv4JYUZwIsn6YpYiWiBsYLSJiTsyBybVuN8=
github.com/google/go-cmp v0.7.0/go.mod h1:pXiqmnSA92OHEEa9HXL2W4E7lf9JzCmGVUdgjX3N/iU=
github.com/kitsunium/sdk/internal/core v0.8.0 h1:8KwuS7Dv+pWR8kORk6DQ7grI29Re9Q3OQXsmuRwt/8A=
github.com/kitsunium/sdk/internal/core v0.8.0/go.mod h1:r1sSl8f1rmT0zKpinHJX6lTbm9ba9ooTKkWWOvEVK4Y=
github.com/kitsunium/sdk/internal/kernel v0.8.0 h1:iauENE7hMTnyZfm0WdRa8kC934zkNUWgsuIqNCI/KfA=
github.com/kitsunium/sdk/internal/kernel v0.8.0/go.mod h1:g7rsnZJ6o3ko3V1bSzHvQlWusqiPD+VqltQv3Gd7qm8=
github.com/kitsunium/sdk/internal/service v0.8.0 h1:ClM3uMRDIoglXtdMj3/zrDnv8JYSBeXEfwgrRuVPf18=
github.com/kitsunium/sdk/internal/service v0.8.0/go.mod h1:EN/8jAk/1pb4NVb3Q637BdUWaxI5E2Lx0kYnRtTKX6w=
github.com/kitsunium/sdk/pkg v0.8.0 h1:qqovBfvJgf0mz7zjLpg0DRSP2PV/Z2wOTgz75nqI3wM=
github.com/kitsunium/sdk/pkg v0.8.0/go.mod h1:W02VPLLUJDsXcvEn3O2WVGHm0Ob7OQIYaK1JjWGuSbk=
github.com/kr/pretty v0.3.1 h1:flRD4NNwYAUpkphVc1HcthR4KEIFJ65n8Mw5qdRn3LE=
github.com/kr/pretty v0.3.1/go.mod h1:hoEshYVHaxMs3cyo3Yncou5ZscifuDolrwPKZanG3xk=
github.com/kr/text v0.2.0 h1:5Nx0Ya0ZqY2ygV366QzturHI13Jq95ApcVaJBhpS+AY=
github.com/kr/text v0.2.0/go.mod h1:eLer722TekiGuMkidMxC/pM04lWEeraHUUmBw8l2grE=
github.com/pelletier/go-toml/v2 v2.4.3 h1:GTRvJQutkOSftxIFD5xw9aepkYNuPWmVJpffdDPYVpY=
github.com/pelletier/go-toml/v2 v2.4.3/go.mod h1:2gIqNv+qfxSVS7cM2xJQKtLSTLUE9V8t9Stt+h56mCY=
github.com/rogpeppe/go-internal v1.14.1 h1:UQB4HGPB6osV0SQTLymcB4TgvyWu6ZyliaW0tI/otEQ=
github.com/rogpeppe/go-internal v1.14.1/go.mod h1:MaRKkUm5W0goXpeCfT7UZI6fk/L7L7so1lCWt35ZSgc=
github.com/vmihailenco/msgpack/v5 v5.4.1 h1:cQriyiUvjTwOHg8QZaPihLWeRAAVoCpE00IUPn0Bjt8=
github.com/vmihailenco/msgpack/v5 v5.4.1/go.mod h1:GaZTsDaehaPpQVyxrf5mtQlH+pc21PIudVV/E3rRQok=
github.com/vmihailenco/tagparser/v2 v2.0.0 h1:y09buUbR+b5aycVFQs/g70pqKVZNBmxwAhO7/IwNM9g=
github.com/vmihailenco/tagparser/v2 v2.0.0/go.mod h1:Wri+At7QHww0WTrCBeu4J6bNtoV6mEfg5OIWRZA9qds=
github.com/x448/float16 v0.8.4 h1:qLwI1I70+NjRFUR3zs1JPUCgaCXSh3SW62uAKT1mSBM=
github.com/x448/float16 v0.8.4/go.mod h1:14CWIYCyZA/cWjXOioeEpHeN/83MdbZDRQHoFcYsOfg=
go.mongodb.org/mongo-driver v1.17.9 h1:IexDdCuuNJ3BHrELgBlyaH9p60JXAvdzWR128q+U5tU=
go.mongodb.org/mongo-driver v1.17.9/go.mod h1:LlOhpH5NUEfhxcAwG0UEkMqwYcc4JU18gtCdGudk/tQ=
golang.org/x/mod v0.41.0 h1:qJmnOUb4YB+FsEuM3HcWucdZASCPGhsX6uljO6pog0c=
golang.org/x/mod v0.41.0/go.mod h1:Ek9pY8RKWXwsWvd3rQiHYtMqkjSUV+s1Rj7j4H5Ur6o=
golang.org/x/sync v0.23.0 h1:KameEIfc1IkluZyXWLn39Wd4tURc6GbCiISGiZm2bQk=
golang.org/x/sync v0.23.0/go.mod h1:sUUOizhqBxiL6pEWpqNLUiaJn1ShEbZ6BBqskPbjZm0=
golang.org/x/tools v0.50.0 h1:c2ifzfcuY7L90lZ2aKd8S4K2NpASF08SZx9ZuJkHmSU=
golang.org/x/tools v0.50.0/go.mod h1:7ulVMw3831Mwi5EZD6RomGyffr4VFjuNYXf2BbCEAV0=
gopkg.in/check.v1 v0.0.0-20161208181325-20d25e280405/go.mod h1:Co6ibVJAznAaIkqp8huTwlJQCZ016jof/cbN4VW5Yz0=
gopkg.in/check.v1 v1.0.0-20201130134442-10cb98267c6c h1:Hei/4ADfdWqJk1ZMxUNpqntNwaWcugrBjAiHlqqRiVk=
gopkg.in/check.v1 v1.0.0-20201130134442-10cb98267c6c/go.mod h1:JHkPIbrfpd72SG/EVd6muEfDQjcINNoR0C8j2r3qZ4Q=
gopkg.in/yaml.v3 v3.0.1 h1:fxVm/GzAzEWqLHuvctI91KS9hhNmmWOoWu0XTYJS7CA=
gopkg.in/yaml.v3 v3.0.1/go.mod h1:K4uyk7z7BCEPqu6E+C64Yfv1cQ7kz7rIZviUmN+EgEM=
